
Microsoft Visual Studio Solution File, Format Version 12.00
# Visual Studio Version 16
VisualStudioVersion = 16.0.31410.357
MinimumVisualStudioVersion = 10.0.40219.1
Project("{FAE04EC0-301F-11D3-BF4B-00C04F79EFBC}") = "LearningSwagger", "LearningSwagger\LearningSwagger.csproj", "{A9D8E563-4273-46D1-B74A-84079757B2E5}"
EndProject
Global
	GlobalSection(SolutionConfigurationPlatforms) = preSolution
		Debug|Any CPU = Debug|Any CPU
		Release|Any CPU = Release|Any CPU
	EndGlobalSection
	GlobalSection(ProjectConfigurationPlatforms) = postSolution
		{A9D8E563-4273-46D1-B74A-84079757B2E5}.Debug|Any CPU.ActiveCfg = Debug|Any CPU
		{A9D8E563-4273-46D1-B74A-84079757B2E5}.Debug|Any CPU.Build.0 = Debug|Any CPU
		{A9D8E563-4273-46D1-B74A-84079757B2E5}.Release|Any CPU.ActiveCfg = Release|Any CPU
		{A9D8E563-4273-46D1-B74A-84079757B2E5}.Release|Any CPU.Build.0 = Release|Any CPU
	EndGlobalSection
	GlobalSection(SolutionProperties) = preSolution
		HideSolutionNode = FALSE
	EndGlobalSection
	GlobalSection(ExtensibilityGlobals) = postSolution
		SolutionGuid = {54A75C55-2043-4144-AE50-A2E1EAEDA088}
	EndGlobalSection
EndGlobal
